%{"bbmustache": {:hex, :bbmustache, "1.0.4"},
  "cf": {:hex, :cf, "0.2.1"},
  "elixir_ale": {:hex, :elixir_ale, "0.5.0"},
  "elixir_serial": {:git, "https://github.com/bitgamma/elixir_serial.git", "0ea4220a2a44451f33b20cb2a71adb4265b29d61", [tag: "v0.1.2"]},
  "erlware_commons": {:hex, :erlware_commons, "0.19.0"},
  "exrm": {:hex, :exrm, "1.0.3"},
  "getopt": {:hex, :getopt, "0.8.2"},
  "nerves": {:hex, :nerves, "0.2.0"},
  "nerves_lib": {:git, "https://github.com/nerves-project/nerves_lib.git", "78b9e489af7df25c162d4a1130569e7cc301cb48", []},
  "nerves_networking": {:git, "https://github.com/nerves-project/nerves_networking.git", "7b77c481b368def153b764eff7e5c487f25eed64", [tag: "v0.6.0"]},
  "nerves_wpa_supplicant": {:git, "https://github.com/nerves-project/nerves_wpa_supplicant.git", "6e0716cf9cf9f63f983438772d893c0cca82e756", []},
  "providers": {:hex, :providers, "1.6.0"},
  "relx": {:hex, :relx, "3.19.0"},
  "serial": {:git, "https://github.com/bitgamma/elixir_serial.git", "0ea4220a2a44451f33b20cb2a71adb4265b29d61", [tag: "v0.1.2"]}}
