%{"bbmustache": {:hex, :bbmustache, "1.0.4"},
  "cf": {:hex, :cf, "0.2.1"},
  "earmark": {:hex, :earmark, "1.0.1", "2c2cd903bfdc3de3f189bd9a8d4569a075b88a8981ded9a0d95672f6e2b63141", [:mix], []},
  "elixir_ale": {:hex, :elixir_ale, "0.5.0"},
  "elixir_make": {:hex, :elixir_make, "0.3.0", "285147fa943806eee82f6680b7b446b5569bcf3ee8328fa0a7c200ffc44fbaba", [:mix], []},
  "elixir_serial": {:git, "https://github.com/bitgamma/elixir_serial.git", "0ea4220a2a44451f33b20cb2a71adb4265b29d61", [tag: "v0.1.2"]},
  "erlware_commons": {:hex, :erlware_commons, "0.19.0"},
  "ex_doc": {:hex, :ex_doc, "0.13.2", "1059a588d2ad3ffab25a0b85c58abf08e437d3e7a9124ac255e1d15cec68ab79", [:mix], [{:earmark, "~> 1.0", [hex: :earmark, optional: false]}]},
  "exrm": {:hex, :exrm, "1.0.3"},
  "getopt": {:hex, :getopt, "0.8.2"},
  "nerves": {:hex, :nerves, "0.2.0"},
  "nerves_lib": {:git, "https://github.com/nerves-project/nerves_lib.git", "78b9e489af7df25c162d4a1130569e7cc301cb48", []},
  "nerves_networking": {:git, "https://github.com/nerves-project/nerves_networking.git", "7b77c481b368def153b764eff7e5c487f25eed64", [tag: "v0.6.0"]},
  "nerves_uart": {:hex, :nerves_uart, "0.1.1", "32e6186b1a1b1d744631126df0b6c4049ddde5b04bc0303de29ab86a2edf60a2", [:mix, :make], [{:elixir_make, "~> 0.3", [hex: :elixir_make, optional: false]}]},
  "nerves_wpa_supplicant": {:git, "https://github.com/nerves-project/nerves_wpa_supplicant.git", "6e0716cf9cf9f63f983438772d893c0cca82e756", []},
  "providers": {:hex, :providers, "1.6.0"},
  "relx": {:hex, :relx, "3.19.0"},
  "serial": {:hex, :serial, "0.1.2", "8c0959331417372bf58f259dbc106c59bb7ed482cb3f63f3765150c02cf14b88", [:mix, :make], []}}
